
Microsoft Visual Studio Solution File, Format Version 12.00
# Visual Studio Version 17
VisualStudioVersion = 17.5.002.0
MinimumVisualStudioVersion = 10.0.40219.1
Project("{FAE04EC0-301F-11D3-BF4B-00C04F79EFBC}") = "DDDNetCore", "MastersData\DDDNetCore.csproj", "{4C48B9F3-BC3E-4F33-8FF9-128AF56B02B2}"
EndProject
Project("{FAE04EC0-301F-11D3-BF4B-00C04F79EFBC}") = "test", "MastersDataTest\test.csproj", "{C905DFE0-8B17-45F6-AA81-926F62F2337A}"
EndProject
Global
	GlobalSection(SolutionConfigurationPlatforms) = preSolution
		Debug|Any CPU = Debug|Any CPU
		Release|Any CPU = Release|Any CPU
	EndGlobalSection
	GlobalSection(ProjectConfigurationPlatforms) = postSolution
		{8B5C4022-E6D0-4762-857C-96110757C65D}.Debug|Any CPU.ActiveCfg = Debug|Any CPU
		{8B5C4022-E6D0-4762-857C-96110757C65D}.Debug|Any CPU.Build.0 = Debug|Any CPU
		{8B5C4022-E6D0-4762-857C-96110757C65D}.Release|Any CPU.ActiveCfg = Release|Any CPU
		{8B5C4022-E6D0-4762-857C-96110757C65D}.Release|Any CPU.Build.0 = Release|Any CPU
		{0A086970-E93D-41A2-932E-21824C50C4ED}.Debug|Any CPU.ActiveCfg = Debug|Any CPU
		{0A086970-E93D-41A2-932E-21824C50C4ED}.Debug|Any CPU.Build.0 = Debug|Any CPU
		{0A086970-E93D-41A2-932E-21824C50C4ED}.Release|Any CPU.ActiveCfg = Release|Any CPU
		{0A086970-E93D-41A2-932E-21824C50C4ED}.Release|Any CPU.Build.0 = Release|Any CPU
		{4C48B9F3-BC3E-4F33-8FF9-128AF56B02B2}.Debug|Any CPU.ActiveCfg = Debug|Any CPU
		{4C48B9F3-BC3E-4F33-8FF9-128AF56B02B2}.Debug|Any CPU.Build.0 = Debug|Any CPU
		{4C48B9F3-BC3E-4F33-8FF9-128AF56B02B2}.Release|Any CPU.ActiveCfg = Release|Any CPU
		{4C48B9F3-BC3E-4F33-8FF9-128AF56B02B2}.Release|Any CPU.Build.0 = Release|Any CPU
		{C905DFE0-8B17-45F6-AA81-926F62F2337A}.Debug|Any CPU.ActiveCfg = Debug|Any CPU
		{C905DFE0-8B17-45F6-AA81-926F62F2337A}.Debug|Any CPU.Build.0 = Debug|Any CPU
		{C905DFE0-8B17-45F6-AA81-926F62F2337A}.Release|Any CPU.ActiveCfg = Release|Any CPU
		{C905DFE0-8B17-45F6-AA81-926F62F2337A}.Release|Any CPU.Build.0 = Release|Any CPU
	EndGlobalSection
	GlobalSection(SolutionProperties) = preSolution
		HideSolutionNode = FALSE
	EndGlobalSection
	GlobalSection(ExtensibilityGlobals) = postSolution
		SolutionGuid = {8E725386-0B21-4632-A481-ADDAC5EE39C6}
	EndGlobalSection
EndGlobal
