
Microsoft Visual Studio Solution File, Format Version 12.00
# Visual Studio Version 17
VisualStudioVersion = 17.5.002.0
MinimumVisualStudioVersion = 10.0.40219.1
Project("{9A19103F-16F7-4668-BE54-9A1E7A4F7556}") = "DDDNetCore", "DDDNetCore.csproj", "{31EF7400-94E6-47B7-BFD2-CE305CB9DA5D}"
EndProject
Global
	GlobalSection(SolutionConfigurationPlatforms) = preSolution
		Debug|Any CPU = Debug|Any CPU
		Release|Any CPU = Release|Any CPU
	EndGlobalSection
	GlobalSection(ProjectConfigurationPlatforms) = postSolution
		{31EF7400-94E6-47B7-BFD2-CE305CB9DA5D}.Debug|Any CPU.ActiveCfg = Debug|Any CPU
		{31EF7400-94E6-47B7-BFD2-CE305CB9DA5D}.Debug|Any CPU.Build.0 = Debug|Any CPU
		{31EF7400-94E6-47B7-BFD2-CE305CB9DA5D}.Release|Any CPU.ActiveCfg = Release|Any CPU
		{31EF7400-94E6-47B7-BFD2-CE305CB9DA5D}.Release|Any CPU.Build.0 = Release|Any CPU
	EndGlobalSection
	GlobalSection(SolutionProperties) = preSolution
		HideSolutionNode = FALSE
	EndGlobalSection
	GlobalSection(ExtensibilityGlobals) = postSolution
		SolutionGuid = {6339BC52-3C00-42F3-8E40-85512C0ADE46}
	EndGlobalSection
EndGlobal
